
Microsoft Visual Studio Solution File, Format Version 12.00
# Visual Studio 15
VisualStudioVersion = 15.0.27703.2035
MinimumVisualStudioVersion = 10.0.40219.1
Project("{9A19103F-16F7-4668-BE54-9A1E7A4F7556}") = "WSConvertisseur", "TP1\WSConvertisseur.csproj", "{33C08B4B-1F06-4084-8951-D30C958A8F76}"
EndProject
Project("{FAE04EC0-301F-11D3-BF4B-00C04F79EFBC}") = "WSConvertisseurUnitTestProject", "WSConvertisseurUnitTestProject\WSConvertisseurUnitTestProject.csproj", "{6F85EA72-DA54-4067-8EDB-F3E82CB3F550}"
EndProject
Global
	GlobalSection(SolutionConfigurationPlatforms) = preSolution
		Debug|Any CPU = Debug|Any CPU
		Release|Any CPU = Release|Any CPU
	EndGlobalSection
	GlobalSection(ProjectConfigurationPlatforms) = postSolution
		{33C08B4B-1F06-4084-8951-D30C958A8F76}.Debug|Any CPU.ActiveCfg = Debug|Any CPU
		{33C08B4B-1F06-4084-8951-D30C958A8F76}.Debug|Any CPU.Build.0 = Debug|Any CPU
		{33C08B4B-1F06-4084-8951-D30C958A8F76}.Release|Any CPU.ActiveCfg = Release|Any CPU
		{33C08B4B-1F06-4084-8951-D30C958A8F76}.Release|Any CPU.Build.0 = Release|Any CPU
		{6F85EA72-DA54-4067-8EDB-F3E82CB3F550}.Debug|Any CPU.ActiveCfg = Debug|Any CPU
		{6F85EA72-DA54-4067-8EDB-F3E82CB3F550}.Debug|Any CPU.Build.0 = Debug|Any CPU
		{6F85EA72-DA54-4067-8EDB-F3E82CB3F550}.Release|Any CPU.ActiveCfg = Release|Any CPU
		{6F85EA72-DA54-4067-8EDB-F3E82CB3F550}.Release|Any CPU.Build.0 = Release|Any CPU
	EndGlobalSection
	GlobalSection(SolutionProperties) = preSolution
		HideSolutionNode = FALSE
	EndGlobalSection
	GlobalSection(ExtensibilityGlobals) = postSolution
		SolutionGuid = {AFD22731-7314-409E-BF30-ABC54FC1EA8D}
	EndGlobalSection
EndGlobal
